{
  "name": "browser-extension",
  "version": "1.0.0",
  "lockfileVersion": 1,
  "requires": true,
  "dependencies": {
    "dom7": {
      "version": "3.0.0",
      "resolved": "https://registry.npmjs.org/dom7/-/dom7-3.0.0.tgz",
      "integrity": "sha512-oNlcUdHsC4zb7Msx7JN3K0Nro1dzJ48knvBOnDPKJ2GV9wl1i5vydJZUSyOfrkKFDZEud/jBsTk92S/VGSAe/g==",
      "requires": {
        "ssr-window": "^3.0.0-alpha.1"
      }
    },
    "framework7": {
      "version": "6.0.14",
      "resolved": "https://registry.npmjs.org/framework7/-/framework7-6.0.14.tgz",
      "integrity": "sha512-2JFy7ic2HwFTiTIec6GV+mz1KL5uE0ZYP+c2LNJGtpacceVpuLaUIICnPKkoAhOZCiPlf1OHmr6JyEluGySfYQ==",
      "requires": {
        "dom7": "^3.0.0",
        "htm": "^3.0.4",
        "path-to-regexp": "^6.2.0",
        "skeleton-elements": "^3.3.0",
        "ssr-window": "^3.0.0",
        "swiper": "^6.4.15"
      }
    },
    "framework7-icons": {
      "version": "4.0.2",
      "resolved": "https://registry.npmjs.org/framework7-icons/-/framework7-icons-4.0.2.tgz",
      "integrity": "sha512-YxEe5RwH86P/5ysPOyG4e4tfFTwnkQUDdzRpoa/eyPVXPIlVWoSmet2NialmvpGlHXRb+oHP32k0Ka5K0Ex6oQ=="
    },
    "htm": {
      "version": "3.0.4",
      "resolved": "https://registry.npmjs.org/htm/-/htm-3.0.4.tgz",
      "integrity": "sha512-VRdvxX3tmrXuT/Ovt59NMp/ORMFi4bceFMDjos1PV4E0mV+5votuID8R60egR9A4U8nLt238R/snlJGz3UYiTQ=="
    },
    "jquery": {
      "version": "3.6.0",
      "resolved": "https://registry.npmjs.org/jquery/-/jquery-3.6.0.tgz",
      "integrity": "sha512-JVzAR/AjBvVt2BmYhxRCSYysDsPcssdmTFnzyLEts9qNwmjmu4JTAMYubEfwVOSwpQ1I1sKKFcxhZCI2buerfw=="
    },
    "jquery-validation": {
      "version": "1.19.3",
      "resolved": "https://registry.npmjs.org/jquery-validation/-/jquery-validation-1.19.3.tgz",
      "integrity": "sha512-iXxCS5W7STthSTMFX/NDZfWHBLbJ1behVK3eAgHXAV8/0vRa9M4tiqHvJMr39VGWHMGdlkhrtrkBuaL2UlE8yw=="
    },
    "path-to-regexp": {
      "version": "6.2.0",
      "resolved": "https://registry.npmjs.org/path-to-regexp/-/path-to-regexp-6.2.0.tgz",
      "integrity": "sha512-f66KywYG6+43afgE/8j/GoiNyygk/bnoCbps++3ErRKsIYkGGupyv07R2Ok5m9i67Iqc+T2g1eAUGUPzWhYTyg=="
    },
    "skeleton-elements": {
      "version": "3.3.0",
      "resolved": "https://registry.npmjs.org/skeleton-elements/-/skeleton-elements-3.3.0.tgz",
      "integrity": "sha512-vynb/KHHZJ79xW0O9vmiFdqRboxM1VNmRnFP5qcCDa6wKLVd64BlnCFQRt8Ll0v41Qf7efXqo5mDr/9rcp1YCw=="
    },
    "ssr-window": {
      "version": "3.0.0",
      "resolved": "https://registry.npmjs.org/ssr-window/-/ssr-window-3.0.0.tgz",
      "integrity": "sha512-q+8UfWDg9Itrg0yWK7oe5p/XRCJpJF9OBtXfOPgSJl+u3Xd5KI328RUEvUqSMVM9CiQUEf1QdBzJMkYGErj9QA=="
    },
    "swiper": {
      "version": "6.5.1",
      "resolved": "https://registry.npmjs.org/swiper/-/swiper-6.5.1.tgz",
      "integrity": "sha512-iuyg4cr+L7wo5EI0fWUuW+lT3BnNtVTYtInhUC5JImTr0i8jNranx8BPyN8AOSKa6jBYN+oaCzj8DAwGK+ngRg==",
      "requires": {
        "dom7": "^3.0.0",
        "ssr-window": "^3.0.0"
      }
    },
    "webextension-polyfill": {
      "version": "0.7.0",
      "resolved": "https://registry.npmjs.org/webextension-polyfill/-/webextension-polyfill-0.7.0.tgz",
      "integrity": "sha512-su48BkMLxqzTTvPSE1eWxKToPS2Tv5DLGxKexLEVpwFd6Po6N8hhSLIvG6acPAg7qERoEaDL+Y5HQJeJeml5Aw==",
      "dev": true
    }
  }
}
